<Solution>
  <Project Path="TDSBridge.Common/TDSBridge.Common.csproj">

  </Project>
  <Project Path="TDSBridge.Demo/TDSBridge.Demo.csproj" Id="64c3996e-7887-4567-99f1-5e3dbf58cd88" />
  <Project Path="TDSBridge.DemoClient/TDSBridge.DemoClient.csproj" />
  <Project Path="TDSBridge/TDSBridge.csproj">
  
  </Project>
</Solution>
